{
  "version": 4,
  "terraform_version": "1.15.8",
  "serial": 23,
  "lineage": "d64bdc8f-fd0c-e16e-6b69-68ef8360e636",
  "outputs": {
    "jenkins_master_public_ip": {
      "value": "18.159.45.228",
      "type": "string"
    },
    "jenkins_worker_private_ip": {
      "value": "10.0.2.16",
      "type": "string"
    }
  },
  "resources": [
    {
      "mode": "data",
      "type": "aws_ami",
      "name": "ubuntu",
      "provider": "provider[\"registry.terraform.io/hashicorp/aws\"]",
      "instances": [
        {
          "schema_version": 0,
          "attributes": {
            "allow_unsafe_filter": null,
            "architecture": "x86_64",
            "arn": "arn:aws:ec2:eu-central-1::image/ami-04bc554a9635a77c8",
            "block_device_mappings": [
              {
                "device_name": "/dev/sda1",
                "ebs": {
                  "delete_on_termination": "true",
                  "encrypted": "false",
                  "iops": "0",
                  "snapshot_id": "snap-09e18dd7cfff03aee",
                  "throughput": "0",
                  "volume_initialization_rate": "0",
                  "volume_size": "8",
                  "volume_type": "gp3"
                },
                "no_device": "",
                "virtual_name": ""
              },
              {
                "device_name": "/dev/sdb",
                "ebs": {},
                "no_device": "",
                "virtual_name": "ephemeral0"
              },
              {
                "device_name": "/dev/sdc",
                "ebs": {},
                "no_device": "",
                "virtual_name": "ephemeral1"
              }
            ],
            "boot_mode": "uefi-preferred",
            "creation_date": "2026-07-14T11:54:17.000Z",
            "deprecation_time": "2028-07-14T11:54:17.000Z",
            "description": "Canonical, Ubuntu, 24.04, amd64 noble image",
            "ena_support": true,
            "executable_users": null,
            "filter": [
              {
                "name": "name",
                "values": [
                  "ubuntu/images/hvm-ssd-gp3/ubuntu-noble-24.04-amd64-server-*"
                ]
              },
              {
                "name": "virtualization-type",
                "values": [
                  "hvm"
                ]
              }
            ],
            "hypervisor": "xen",
            "id": "ami-04bc554a9635a77c8",
            "image_id": "ami-04bc554a9635a77c8",
            "image_location": "amazon/ubuntu/images/hvm-ssd-gp3/ubuntu-noble-24.04-amd64-server-20260714",
            "image_owner_alias": "amazon",
            "image_type": "machine",
            "imds_support": "v2.0",
            "include_deprecated": false,
            "kernel_id": "",
            "last_launched_time": "",
            "most_recent": true,
            "name": "ubuntu/images/hvm-ssd-gp3/ubuntu-noble-24.04-amd64-server-20260714",
            "name_regex": null,
            "owner_id": "099720109477",
            "owners": [
              "099720109477"
            ],
            "platform": "",
            "platform_details": "Linux/UNIX",
            "product_codes": [],
            "public": true,
            "ramdisk_id": "",
            "region": "eu-central-1",
            "root_device_name": "/dev/sda1",
            "root_device_type": "ebs",
            "root_snapshot_id": "snap-09e18dd7cfff03aee",
            "sriov_net_support": "simple",
            "state": "available",
            "state_reason": {
              "code": "UNSET",
              "message": "UNSET"
            },
            "tags": {},
            "timeouts": null,
            "tpm_support": "",
            "uefi_data": null,
            "usage_operation": "RunInstances",
            "virtualization_type": "hvm"
          },
          "sensitive_attributes": [],
          "identity_schema_version": 0
        }
      ]
    },
    {
      "mode": "managed",
      "type": "aws_eip",
      "name": "nat_eip",
      "provider": "provider[\"registry.terraform.io/hashicorp/aws\"]",
      "instances": [
        {
          "schema_version": 0,
          "attributes": {
            "address": null,
            "allocation_id": "eipalloc-00794a171e423bd66",
            "arn": "arn:aws:ec2:eu-central-1:984140674362:elastic-ip/eipalloc-00794a171e423bd66",
            "associate_with_private_ip": null,
            "association_id": "eipassoc-0f523dd53c8686a81",
            "carrier_ip": "",
            "customer_owned_ip": "",
            "customer_owned_ipv4_pool": "",
            "domain": "vpc",
            "id": "eipalloc-00794a171e423bd66",
            "instance": "",
            "ipam_pool_id": "",
            "network_border_group": "eu-central-1",
            "network_interface": "eni-06a562aabb129ac55",
            "private_dns": "ip-10-0-1-140.eu-central-1.compute.internal",
            "private_ip": "10.0.1.140",
            "ptr_record": "",
            "public_dns": "ec2-63-186-206-91.eu-central-1.compute.amazonaws.com",
            "public_ip": "63.186.206.91",
            "public_ipv4_pool": "amazon",
            "region": "eu-central-1",
            "tags": {},
            "tags_all": {},
            "timeouts": null
          },
          "sensitive_attributes": [],
          "identity_schema_version": 0,
          "identity": {
            "account_id": "984140674362",
            "id": "eipalloc-00794a171e423bd66",
            "region": "eu-central-1"
          },
          "private": "eyJlMmJmYjczMC1lY2FhLTExZTYtOGY4OC0zNDM2M2JjN2M0YzAiOnsiZGVsZXRlIjoxODAwMDAwMDAwMDAsInJlYWQiOjkwMDAwMDAwMDAwMCwidXBkYXRlIjozMDAwMDAwMDAwMDB9fQ==",
          "dependencies": [
            "aws_internet_gateway.igw",
            "aws_vpc.jenkins_vpc"
          ]
        }
      ]
    },
    {
      "mode": "managed",
      "type": "aws_instance",
      "name": "jenkins_master",
      "provider": "provider[\"registry.terraform.io/hashicorp/aws\"]",
      "instances": [
        {
          "schema_version": 2,
          "attributes": {
            "ami": "ami-04bc554a9635a77c8",
            "arn": "arn:aws:ec2:eu-central-1:984140674362:instance/i-024a9de430641d53e",
            "associate_public_ip_address": true,
            "availability_zone": "eu-central-1a",
            "capacity_reservation_specification": [
              {
                "capacity_reservation_preference": "open",
                "capacity_reservation_target": []
              }
            ],
            "cpu_options": [
              {
                "amd_sev_snp": "",
                "core_count": 1,
                "nested_virtualization": "",
                "threads_per_core": 2
              }
            ],
            "credit_specification": [
              {
                "cpu_credits": "unlimited"
              }
            ],
            "disable_api_stop": false,
            "disable_api_termination": false,
            "ebs_block_device": [],
            "ebs_optimized": false,
            "enable_primary_ipv6": null,
            "enclave_options": [
              {
                "enabled": false
              }
            ],
            "ephemeral_block_device": [],
            "force_destroy": false,
            "get_password_data": false,
            "hibernation": false,
            "host_id": "",
            "host_resource_group_arn": null,
            "iam_instance_profile": "",
            "id": "i-024a9de430641d53e",
            "instance_initiated_shutdown_behavior": "stop",
            "instance_lifecycle": "",
            "instance_market_options": [],
            "instance_state": "running",
            "instance_type": "t3.micro",
            "ipv6_address_count": 0,
            "ipv6_addresses": [],
            "key_name": "jenkins-deployer-key",
            "launch_template": [],
            "maintenance_options": [
              {
                "auto_recovery": "default"
              }
            ],
            "metadata_options": [
              {
                "http_endpoint": "enabled",
                "http_protocol_ipv6": "disabled",
                "http_put_response_hop_limit": 2,
                "http_tokens": "required",
                "instance_metadata_tags": "disabled"
              }
            ],
            "monitoring": false,
            "network_interface": [],
            "outpost_arn": "",
            "password_data": "",
            "placement_group": "",
            "placement_group_id": "",
            "placement_partition_number": 0,
            "primary_network_interface": [
              {
                "delete_on_termination": true,
                "network_interface_id": "eni-051f2455ee93f83ff"
              }
            ],
            "primary_network_interface_id": "eni-051f2455ee93f83ff",
            "private_dns": "ip-10-0-1-127.eu-central-1.compute.internal",
            "private_dns_name_options": [
              {
                "enable_resource_name_dns_a_record": false,
                "enable_resource_name_dns_aaaa_record": false,
                "hostname_type": "ip-name"
              }
            ],
            "private_ip": "10.0.1.127",
            "public_dns": "ec2-18-159-45-228.eu-central-1.compute.amazonaws.com",
            "public_ip": "18.159.45.228",
            "region": "eu-central-1",
            "root_block_device": [
              {
                "delete_on_termination": true,
                "device_name": "/dev/sda1",
                "encrypted": false,
                "iops": 3000,
                "kms_key_id": "",
                "tags": null,
                "tags_all": {},
                "throughput": 125,
                "volume_id": "vol-0d780cf6d402d938f",
                "volume_size": 20,
                "volume_type": "gp3"
              }
            ],
            "secondary_network_interface": [],
            "secondary_private_ips": [],
            "security_groups": [],
            "source_dest_check": true,
            "spot_instance_request_id": "",
            "subnet_id": "subnet-027c9a56b8bcf966e",
            "tags": {
              "Name": "jenkins-master"
            },
            "tags_all": {
              "Name": "jenkins-master"
            },
            "tenancy": "default",
            "timeouts": null,
            "user_data": "#!/bin/bash\r\necho \"ssh-rsa AAAAB3NzaC1yc2EAAAADAQABAAABAQDN98uUmiax3SDAlI0hcPE1lVUbbcU9/cIl4w3L5dl5+mDLdBXneF3NVhdSKW/n3QIUkdMlTYMwZQrxMw8T8sTql5cpyNA2O18GqLp/cj2defGwgDEdCBY2q90O4h6rkUWJQSqOXzM0cibRR6yh6+eH03MZK1cbFvUhOI7p+sieXnImB2St2gtPPb7ELk716QAknSBULSx5yqtG9TtUhmwCJpm5lsiJVvbiCjexMTXoVVjiBcrEBcaLnmGCn6kJNaLc2I4cEiHuNOOjxcUo1Xsao12ZZGq/wfDxd0hC8ZxnDmZ6V4kZjPbGqmSDk9pkZlCboRPg0rPuSGp4JLF3QEA7\" \u003e\u003e /home/ubuntu/.ssh/authorized_keys\r\nchmod 600 /home/ubuntu/.ssh/authorized_keys\r\nchown ubuntu:ubuntu /home/ubuntu/.ssh/authorized_keys\r\n",
            "user_data_base64": null,
            "user_data_replace_on_change": false,
            "volume_tags": null,
            "vpc_security_group_ids": [
              "sg-06de5c7779a6d16c3"
            ]
          },
          "sensitive_attributes": [],
          "identity_schema_version": 0,
          "identity": {
            "account_id": "984140674362",
            "id": "i-024a9de430641d53e",
            "region": "eu-central-1"
          },
          "private": "eyJlMmJmYjczMC1lY2FhLTExZTYtOGY4OC0zNDM2M2JjN2M0YzAiOnsiY3JlYXRlIjo2MDAwMDAwMDAwMDAsImRlbGV0ZSI6MTIwMDAwMDAwMDAwMCwicmVhZCI6OTAwMDAwMDAwMDAwLCJ1cGRhdGUiOjYwMDAwMDAwMDAwMH0sInNjaGVtYV92ZXJzaW9uIjoiMiJ9",
          "dependencies": [
            "aws_key_pair.deployer_key",
            "aws_security_group.jenkins_sg",
            "aws_subnet.public_subnet",
            "aws_vpc.jenkins_vpc",
            "data.aws_ami.ubuntu"
          ]
        }
      ]
    },
    {
      "mode": "managed",
      "type": "aws_internet_gateway",
      "name": "igw",
      "provider": "provider[\"registry.terraform.io/hashicorp/aws\"]",
      "instances": [
        {
          "schema_version": 0,
          "attributes": {
            "arn": "arn:aws:ec2:eu-central-1:984140674362:internet-gateway/igw-05f06d377b2882031",
            "id": "igw-05f06d377b2882031",
            "owner_id": "984140674362",
            "region": "eu-central-1",
            "tags": {
              "Name": "jenkins-igw"
            },
            "tags_all": {
              "Name": "jenkins-igw"
            },
            "timeouts": null,
            "vpc_id": "vpc-0a68fe228a9f6cee4"
          },
          "sensitive_attributes": [],
          "identity_schema_version": 0,
          "identity": {
            "account_id": "984140674362",
            "id": "igw-05f06d377b2882031",
            "region": "eu-central-1"
          },
          "private": "eyJlMmJmYjczMC1lY2FhLTExZTYtOGY4OC0zNDM2M2JjN2M0YzAiOnsiY3JlYXRlIjoxMjAwMDAwMDAwMDAwLCJkZWxldGUiOjEyMDAwMDAwMDAwMDAsInVwZGF0ZSI6MTIwMDAwMDAwMDAwMH19",
          "dependencies": [
            "aws_vpc.jenkins_vpc"
          ]
        }
      ]
    },
    {
      "mode": "managed",
      "type": "aws_key_pair",
      "name": "deployer_key",
      "provider": "provider[\"registry.terraform.io/hashicorp/aws\"]",
      "instances": [
        {
          "schema_version": 1,
          "attributes": {
            "arn": "arn:aws:ec2:eu-central-1:984140674362:key-pair/jenkins-deployer-key",
            "fingerprint": "45:73:73:a2:7f:5b:b5:e5:37:6b:c9:cc:0f:f6:42:29",
            "id": "jenkins-deployer-key",
            "key_name": "jenkins-deployer-key",
            "key_name_prefix": "",
            "key_pair_id": "key-004950101d29bb481",
            "key_type": "rsa",
            "public_key": "ssh-rsa AAAAB3NzaC1yc2EAAAADAQABAAABAQDN98uUmiax3SDAlI0hcPE1lVUbbcU9/cIl4w3L5dl5+mDLdBXneF3NVhdSKW/n3QIUkdMlTYMwZQrxMw8T8sTql5cpyNA2O18GqLp/cj2defGwgDEdCBY2q90O4h6rkUWJQSqOXzM0cibRR6yh6+eH03MZK1cbFvUhOI7p+sieXnImB2St2gtPPb7ELk716QAknSBULSx5yqtG9TtUhmwCJpm5lsiJVvbiCjexMTXoVVjiBcrEBcaLnmGCn6kJNaLc2I4cEiHuNOOjxcUo1Xsao12ZZGq/wfDxd0hC8ZxnDmZ6V4kZjPbGqmSDk9pkZlCboRPg0rPuSGp4JLF3QEA7",
            "region": "eu-central-1",
            "tags": {},
            "tags_all": {}
          },
          "sensitive_attributes": [],
          "identity_schema_version": 0,
          "private": "eyJzY2hlbWFfdmVyc2lvbiI6IjEifQ=="
        }
      ]
    },
    {
      "mode": "managed",
      "type": "aws_nat_gateway",
      "name": "nat_gw",
      "provider": "provider[\"registry.terraform.io/hashicorp/aws\"]",
      "instances": [
        {
          "schema_version": 0,
          "attributes": {
            "allocation_id": "eipalloc-00794a171e423bd66",
            "association_id": "eipassoc-0f523dd53c8686a81",
            "auto_provision_zones": null,
            "auto_scaling_ips": null,
            "availability_mode": "zonal",
            "availability_zone_address": [],
            "connectivity_type": "public",
            "id": "nat-0e30aea3564201bff",
            "network_interface_id": "eni-06a562aabb129ac55",
            "private_ip": "10.0.1.140",
            "public_ip": "63.186.206.91",
            "region": "eu-central-1",
            "regional_nat_gateway_address": [],
            "regional_nat_gateway_auto_mode": null,
            "route_table_id": null,
            "secondary_allocation_ids": [],
            "secondary_private_ip_address_count": 0,
            "secondary_private_ip_addresses": [],
            "subnet_id": "subnet-027c9a56b8bcf966e",
            "tags": {
              "Name": "jenkins-nat-gw"
            },
            "tags_all": {
              "Name": "jenkins-nat-gw"
            },
            "timeouts": null,
            "vpc_id": "vpc-0a68fe228a9f6cee4"
          },
          "sensitive_attributes": [],
          "identity_schema_version": 0,
          "identity": {
            "account_id": "984140674362",
            "id": "nat-0e30aea3564201bff",
            "region": "eu-central-1"
          },
          "private": "eyJlMmJmYjczMC1lY2FhLTExZTYtOGY4OC0zNDM2M2JjN2M0YzAiOnsiY3JlYXRlIjo2MDAwMDAwMDAwMDAsImRlbGV0ZSI6MTgwMDAwMDAwMDAwMCwidXBkYXRlIjo2MDAwMDAwMDAwMDB9fQ==",
          "dependencies": [
            "aws_eip.nat_eip",
            "aws_internet_gateway.igw",
            "aws_subnet.public_subnet",
            "aws_vpc.jenkins_vpc"
          ]
        }
      ]
    },
    {
      "mode": "managed",
      "type": "aws_route_table",
      "name": "private_rt",
      "provider": "provider[\"registry.terraform.io/hashicorp/aws\"]",
      "instances": [
        {
          "schema_version": 0,
          "attributes": {
            "arn": "arn:aws:ec2:eu-central-1:984140674362:route-table/rtb-02ea1bc54150d75d4",
            "id": "rtb-02ea1bc54150d75d4",
            "owner_id": "984140674362",
            "propagating_vgws": [],
            "region": "eu-central-1",
            "route": [
              {
                "carrier_gateway_id": "",
                "cidr_block": "0.0.0.0/0",
                "core_network_arn": "",
                "destination_prefix_list_id": "",
                "egress_only_gateway_id": "",
                "gateway_id": "",
                "ipv6_cidr_block": "",
                "local_gateway_id": "",
                "nat_gateway_id": "nat-0e30aea3564201bff",
                "network_interface_id": "",
                "odb_network_arn": "",
                "transit_gateway_id": "",
                "vpc_endpoint_id": "",
                "vpc_peering_connection_id": ""
              }
            ],
            "tags": {
              "Name": "jenkins-private-rt"
            },
            "tags_all": {
              "Name": "jenkins-private-rt"
            },
            "timeouts": null,
            "vpc_id": "vpc-0a68fe228a9f6cee4"
          },
          "sensitive_attributes": [],
          "identity_schema_version": 0,
          "identity": {
            "account_id": "984140674362",
            "id": "rtb-02ea1bc54150d75d4",
            "region": "eu-central-1"
          },
          "private": "eyJlMmJmYjczMC1lY2FhLTExZTYtOGY4OC0zNDM2M2JjN2M0YzAiOnsiY3JlYXRlIjozMDAwMDAwMDAwMDAsImRlbGV0ZSI6MzAwMDAwMDAwMDAwLCJ1cGRhdGUiOjEyMDAwMDAwMDAwMH19",
          "dependencies": [
            "aws_eip.nat_eip",
            "aws_internet_gateway.igw",
            "aws_nat_gateway.nat_gw",
            "aws_subnet.public_subnet",
            "aws_vpc.jenkins_vpc"
          ]
        }
      ]
    },
    {
      "mode": "managed",
      "type": "aws_route_table",
      "name": "public_rt",
      "provider": "provider[\"registry.terraform.io/hashicorp/aws\"]",
      "instances": [
        {
          "schema_version": 0,
          "attributes": {
            "arn": "arn:aws:ec2:eu-central-1:984140674362:route-table/rtb-05c9f703660c7314d",
            "id": "rtb-05c9f703660c7314d",
            "owner_id": "984140674362",
            "propagating_vgws": [],
            "region": "eu-central-1",
            "route": [
              {
                "carrier_gateway_id": "",
                "cidr_block": "0.0.0.0/0",
                "core_network_arn": "",
                "destination_prefix_list_id": "",
                "egress_only_gateway_id": "",
                "gateway_id": "igw-05f06d377b2882031",
                "ipv6_cidr_block": "",
                "local_gateway_id": "",
                "nat_gateway_id": "",
                "network_interface_id": "",
                "odb_network_arn": "",
                "transit_gateway_id": "",
                "vpc_endpoint_id": "",
                "vpc_peering_connection_id": ""
              },
              {
                "carrier_gateway_id": "",
                "cidr_block": "0.0.0.0/8",
                "core_network_arn": "",
                "destination_prefix_list_id": "",
                "egress_only_gateway_id": "",
                "gateway_id": "igw-05f06d377b2882031",
                "ipv6_cidr_block": "",
                "local_gateway_id": "",
                "nat_gateway_id": "",
                "network_interface_id": "",
                "odb_network_arn": "",
                "transit_gateway_id": "",
                "vpc_endpoint_id": "",
                "vpc_peering_connection_id": ""
              }
            ],
            "tags": {
              "Name": "jenkins-public-rt"
            },
            "tags_all": {
              "Name": "jenkins-public-rt"
            },
            "timeouts": null,
            "vpc_id": "vpc-0a68fe228a9f6cee4"
          },
          "sensitive_attributes": [],
          "identity_schema_version": 0,
          "identity": {
            "account_id": "984140674362",
            "id": "rtb-05c9f703660c7314d",
            "region": "eu-central-1"
          },
          "private": "eyJlMmJmYjczMC1lY2FhLTExZTYtOGY4OC0zNDM2M2JjN2M0YzAiOnsiY3JlYXRlIjozMDAwMDAwMDAwMDAsImRlbGV0ZSI6MzAwMDAwMDAwMDAwLCJ1cGRhdGUiOjEyMDAwMDAwMDAwMH19",
          "dependencies": [
            "aws_internet_gateway.igw",
            "aws_vpc.jenkins_vpc"
          ]
        }
      ]
    },
    {
      "mode": "managed",
      "type": "aws_route_table_association",
      "name": "private_assoc",
      "provider": "provider[\"registry.terraform.io/hashicorp/aws\"]",
      "instances": [
        {
          "schema_version": 0,
          "attributes": {
            "gateway_id": "",
            "id": "rtbassoc-00e70516a6c77bb6e",
            "region": "eu-central-1",
            "route_table_id": "rtb-02ea1bc54150d75d4",
            "subnet_id": "subnet-04f439e730283a7e4",
            "timeouts": null
          },
          "sensitive_attributes": [],
          "identity_schema_version": 0,
          "identity": {
            "account_id": "984140674362",
            "id": "rtbassoc-00e70516a6c77bb6e",
            "region": "eu-central-1"
          },
          "private": "eyJlMmJmYjczMC1lY2FhLTExZTYtOGY4OC0zNDM2M2JjN2M0YzAiOnsiY3JlYXRlIjozMDAwMDAwMDAwMDAsImRlbGV0ZSI6MzAwMDAwMDAwMDAwLCJ1cGRhdGUiOjEyMDAwMDAwMDAwMH19",
          "dependencies": [
            "aws_eip.nat_eip",
            "aws_internet_gateway.igw",
            "aws_nat_gateway.nat_gw",
            "aws_route_table.private_rt",
            "aws_subnet.private_subnet",
            "aws_subnet.public_subnet",
            "aws_vpc.jenkins_vpc"
          ]
        }
      ]
    },
    {
      "mode": "managed",
      "type": "aws_route_table_association",
      "name": "public_assoc",
      "provider": "provider[\"registry.terraform.io/hashicorp/aws\"]",
      "instances": [
        {
          "schema_version": 0,
          "attributes": {
            "gateway_id": "",
            "id": "rtbassoc-03bb7373494c4d05b",
            "region": "eu-central-1",
            "route_table_id": "rtb-05c9f703660c7314d",
            "subnet_id": "subnet-027c9a56b8bcf966e",
            "timeouts": null
          },
          "sensitive_attributes": [],
          "identity_schema_version": 0,
          "identity": {
            "account_id": "984140674362",
            "id": "rtbassoc-03bb7373494c4d05b",
            "region": "eu-central-1"
          },
          "private": "eyJlMmJmYjczMC1lY2FhLTExZTYtOGY4OC0zNDM2M2JjN2M0YzAiOnsiY3JlYXRlIjozMDAwMDAwMDAwMDAsImRlbGV0ZSI6MzAwMDAwMDAwMDAwLCJ1cGRhdGUiOjEyMDAwMDAwMDAwMH19",
          "dependencies": [
            "aws_internet_gateway.igw",
            "aws_route_table.public_rt",
            "aws_subnet.public_subnet",
            "aws_vpc.jenkins_vpc"
          ]
        }
      ]
    },
    {
      "mode": "managed",
      "type": "aws_security_group",
      "name": "jenkins_sg",
      "provider": "provider[\"registry.terraform.io/hashicorp/aws\"]",
      "instances": [
        {
          "schema_version": 1,
          "attributes": {
            "arn": "arn:aws:ec2:eu-central-1:984140674362:security-group/sg-06de5c7779a6d16c3",
            "description": "Allow SSH and HTTP/HTTPS traffic",
            "egress": [
              {
                "cidr_blocks": [
                  "0.0.0.0/0"
                ],
                "description": "",
                "from_port": 0,
                "ipv6_cidr_blocks": [],
                "prefix_list_ids": [],
                "protocol": "-1",
                "security_groups": [],
                "self": false,
                "to_port": 0
              }
            ],
            "id": "sg-06de5c7779a6d16c3",
            "ingress": [
              {
                "cidr_blocks": [
                  "0.0.0.0/0"
                ],
                "description": "HTTP access (Nginx Proxy)",
                "from_port": 80,
                "ipv6_cidr_blocks": [],
                "prefix_list_ids": [],
                "protocol": "tcp",
                "security_groups": [],
                "self": false,
                "to_port": 80
              },
              {
                "cidr_blocks": [
                  "0.0.0.0/0"
                ],
                "description": "SSH access",
                "from_port": 22,
                "ipv6_cidr_blocks": [],
                "prefix_list_ids": [],
                "protocol": "tcp",
                "security_groups": [],
                "self": false,
                "to_port": 22
              },
              {
                "cidr_blocks": [],
                "description": "Jenkins master-worker communication",
                "from_port": 0,
                "ipv6_cidr_blocks": [],
                "prefix_list_ids": [],
                "protocol": "-1",
                "security_groups": [],
                "self": true,
                "to_port": 0
              }
            ],
            "name": "jenkins-security-group",
            "name_prefix": "",
            "owner_id": "984140674362",
            "region": "eu-central-1",
            "revoke_rules_on_delete": false,
            "tags": {
              "Name": "jenkins-sg"
            },
            "tags_all": {
              "Name": "jenkins-sg"
            },
            "timeouts": null,
            "vpc_id": "vpc-0a68fe228a9f6cee4"
          },
          "sensitive_attributes": [],
          "identity_schema_version": 0,
          "identity": {
            "account_id": "984140674362",
            "id": "sg-06de5c7779a6d16c3",
            "region": "eu-central-1"
          },
          "private": "eyJlMmJmYjczMC1lY2FhLTExZTYtOGY4OC0zNDM2M2JjN2M0YzAiOnsiY3JlYXRlIjo2MDAwMDAwMDAwMDAsImRlbGV0ZSI6OTAwMDAwMDAwMDAwfSwic2NoZW1hX3ZlcnNpb24iOiIxIn0=",
          "dependencies": [
            "aws_vpc.jenkins_vpc"
          ]
        }
      ]
    },
    {
      "mode": "managed",
      "type": "aws_spot_instance_request",
      "name": "jenkins_worker",
      "provider": "provider[\"registry.terraform.io/hashicorp/aws\"]",
      "instances": [
        {
          "schema_version": 0,
          "attributes": {
            "ami": "ami-04bc554a9635a77c8",
            "arn": null,
            "associate_public_ip_address": false,
            "availability_zone": null,
            "capacity_reservation_specification": null,
            "cpu_options": null,
            "credit_specification": [],
            "disable_api_stop": null,
            "disable_api_termination": null,
            "ebs_block_device": [],
            "ebs_optimized": null,
            "enable_primary_ipv6": null,
            "enclave_options": null,
            "ephemeral_block_device": [],
            "force_destroy": false,
            "get_password_data": false,
            "hibernation": null,
            "host_id": null,
            "host_resource_group_arn": null,
            "iam_instance_profile": null,
            "id": "sir-2777gynm",
            "instance_initiated_shutdown_behavior": null,
            "instance_interruption_behavior": "terminate",
            "instance_state": null,
            "instance_type": "t3.micro",
            "ipv6_address_count": 0,
            "ipv6_addresses": [],
            "key_name": "jenkins-deployer-key",
            "launch_group": "",
            "launch_template": [],
            "maintenance_options": null,
            "metadata_options": null,
            "monitoring": null,
            "network_interface": [],
            "outpost_arn": null,
            "password_data": "",
            "placement_group": null,
            "placement_group_id": null,
            "placement_partition_number": null,
            "primary_network_interface": [
              {
                "delete_on_termination": true,
                "network_interface_id": "eni-07b9399d982b0816a"
              }
            ],
            "primary_network_interface_id": "eni-07b9399d982b0816a",
            "private_dns": "ip-10-0-2-16.eu-central-1.compute.internal",
            "private_dns_name_options": null,
            "private_ip": "10.0.2.16",
            "public_dns": "",
            "public_ip": "",
            "region": "eu-central-1",
            "root_block_device": [
              {
                "delete_on_termination": true,
                "device_name": "/dev/sda1",
                "encrypted": false,
                "iops": 3000,
                "kms_key_id": "",
                "tags": null,
                "tags_all": {},
                "throughput": 125,
                "volume_id": "vol-083d9e293d1ead8fa",
                "volume_size": 30,
                "volume_type": "gp3"
              }
            ],
            "secondary_network_interface": [],
            "secondary_private_ips": [],
            "security_groups": [],
            "source_dest_check": true,
            "spot_bid_status": "fulfilled",
            "spot_instance_id": "i-00f4253b7e7da0206",
            "spot_price": "0.030000",
            "spot_request_state": "active",
            "spot_type": "one-time",
            "subnet_id": "subnet-04f439e730283a7e4",
            "tags": {
              "Name": "jenkins-worker"
            },
            "tags_all": {
              "Name": "jenkins-worker"
            },
            "tenancy": null,
            "timeouts": null,
            "user_data": "#!/bin/bash\r\necho \"ssh-rsa AAAAB3NzaC1yc2EAAAADAQABAAABAQDN98uUmiax3SDAlI0hcPE1lVUbbcU9/cIl4w3L5dl5+mDLdBXneF3NVhdSKW/n3QIUkdMlTYMwZQrxMw8T8sTql5cpyNA2O18GqLp/cj2defGwgDEdCBY2q90O4h6rkUWJQSqOXzM0cibRR6yh6+eH03MZK1cbFvUhOI7p+sieXnImB2St2gtPPb7ELk716QAknSBULSx5yqtG9TtUhmwCJpm5lsiJVvbiCjexMTXoVVjiBcrEBcaLnmGCn6kJNaLc2I4cEiHuNOOjxcUo1Xsao12ZZGq/wfDxd0hC8ZxnDmZ6V4kZjPbGqmSDk9pkZlCboRPg0rPuSGp4JLF3QEA7\" \u003e\u003e /home/ubuntu/.ssh/authorized_keys\r\nchmod 600 /home/ubuntu/.ssh/authorized_keys\r\nchown ubuntu:ubuntu /home/ubuntu/.ssh/authorized_keys\r\n",
            "user_data_base64": null,
            "user_data_replace_on_change": false,
            "valid_from": "0001-01-01T00:00:00Z",
            "valid_until": "2026-08-18T04:12:05Z",
            "volume_tags": null,
            "vpc_security_group_ids": [
              "sg-06de5c7779a6d16c3"
            ],
            "wait_for_fulfillment": true
          },
          "sensitive_attributes": [],
          "identity_schema_version": 0,
          "private": "eyJlMmJmYjczMC1lY2FhLTExZTYtOGY4OC0zNDM2M2JjN2M0YzAiOnsiY3JlYXRlIjo2MDAwMDAwMDAwMDAsImRlbGV0ZSI6MTIwMDAwMDAwMDAwMCwicmVhZCI6OTAwMDAwMDAwMDAwfX0=",
          "dependencies": [
            "aws_key_pair.deployer_key",
            "aws_security_group.jenkins_sg",
            "aws_subnet.private_subnet",
            "aws_vpc.jenkins_vpc",
            "data.aws_ami.ubuntu"
          ]
        }
      ]
    },
    {
      "mode": "managed",
      "type": "aws_subnet",
      "name": "private_subnet",
      "provider": "provider[\"registry.terraform.io/hashicorp/aws\"]",
      "instances": [
        {
          "schema_version": 1,
          "attributes": {
            "arn": "arn:aws:ec2:eu-central-1:984140674362:subnet/subnet-04f439e730283a7e4",
            "assign_ipv6_address_on_creation": false,
            "availability_zone": "eu-central-1a",
            "availability_zone_id": "euc1-az2",
            "cidr_block": "10.0.2.0/24",
            "customer_owned_ipv4_pool": "",
            "enable_dns64": false,
            "enable_lni_at_device_index": 0,
            "enable_resource_name_dns_a_record_on_launch": false,
            "enable_resource_name_dns_aaaa_record_on_launch": false,
            "id": "subnet-04f439e730283a7e4",
            "ipv4_ipam_pool_id": null,
            "ipv4_netmask_length": null,
            "ipv6_cidr_block": "",
            "ipv6_cidr_block_association_id": "",
            "ipv6_ipam_pool_id": null,
            "ipv6_native": false,
            "ipv6_netmask_length": null,
            "map_customer_owned_ip_on_launch": false,
            "map_public_ip_on_launch": false,
            "outpost_arn": "",
            "owner_id": "984140674362",
            "private_dns_hostname_type_on_launch": "ip-name",
            "region": "eu-central-1",
            "tags": {
              "Name": "jenkins-private-subnet"
            },
            "tags_all": {
              "Name": "jenkins-private-subnet"
            },
            "timeouts": null,
            "vpc_id": "vpc-0a68fe228a9f6cee4"
          },
          "sensitive_attributes": [],
          "identity_schema_version": 0,
          "identity": {
            "account_id": "984140674362",
            "id": "subnet-04f439e730283a7e4",
            "region": "eu-central-1"
          },
          "private": "eyJlMmJmYjczMC1lY2FhLTExZTYtOGY4OC0zNDM2M2JjN2M0YzAiOnsiY3JlYXRlIjo2MDAwMDAwMDAwMDAsImRlbGV0ZSI6MTIwMDAwMDAwMDAwMH0sInNjaGVtYV92ZXJzaW9uIjoiMSJ9",
          "dependencies": [
            "aws_vpc.jenkins_vpc"
          ]
        }
      ]
    },
    {
      "mode": "managed",
      "type": "aws_subnet",
      "name": "public_subnet",
      "provider": "provider[\"registry.terraform.io/hashicorp/aws\"]",
      "instances": [
        {
          "schema_version": 1,
          "attributes": {
            "arn": "arn:aws:ec2:eu-central-1:984140674362:subnet/subnet-027c9a56b8bcf966e",
            "assign_ipv6_address_on_creation": false,
            "availability_zone": "eu-central-1a",
            "availability_zone_id": "euc1-az2",
            "cidr_block": "10.0.1.0/24",
            "customer_owned_ipv4_pool": "",
            "enable_dns64": false,
            "enable_lni_at_device_index": 0,
            "enable_resource_name_dns_a_record_on_launch": false,
            "enable_resource_name_dns_aaaa_record_on_launch": false,
            "id": "subnet-027c9a56b8bcf966e",
            "ipv4_ipam_pool_id": null,
            "ipv4_netmask_length": null,
            "ipv6_cidr_block": "",
            "ipv6_cidr_block_association_id": "",
            "ipv6_ipam_pool_id": null,
            "ipv6_native": false,
            "ipv6_netmask_length": null,
            "map_customer_owned_ip_on_launch": false,
            "map_public_ip_on_launch": true,
            "outpost_arn": "",
            "owner_id": "984140674362",
            "private_dns_hostname_type_on_launch": "ip-name",
            "region": "eu-central-1",
            "tags": {
              "Name": "jenkins-public-subnet"
            },
            "tags_all": {
              "Name": "jenkins-public-subnet"
            },
            "timeouts": null,
            "vpc_id": "vpc-0a68fe228a9f6cee4"
          },
          "sensitive_attributes": [],
          "identity_schema_version": 0,
          "identity": {
            "account_id": "984140674362",
            "id": "subnet-027c9a56b8bcf966e",
            "region": "eu-central-1"
          },
          "private": "eyJlMmJmYjczMC1lY2FhLTExZTYtOGY4OC0zNDM2M2JjN2M0YzAiOnsiY3JlYXRlIjo2MDAwMDAwMDAwMDAsImRlbGV0ZSI6MTIwMDAwMDAwMDAwMH0sInNjaGVtYV92ZXJzaW9uIjoiMSJ9",
          "dependencies": [
            "aws_vpc.jenkins_vpc"
          ]
        }
      ]
    },
    {
      "mode": "managed",
      "type": "aws_vpc",
      "name": "jenkins_vpc",
      "provider": "provider[\"registry.terraform.io/hashicorp/aws\"]",
      "instances": [
        {
          "schema_version": 1,
          "attributes": {
            "arn": "arn:aws:ec2:eu-central-1:984140674362:vpc/vpc-0a68fe228a9f6cee4",
            "assign_generated_ipv6_cidr_block": false,
            "cidr_block": "10.0.0.0/16",
            "default_network_acl_id": "acl-0bab2eabcb165105e",
            "default_route_table_id": "rtb-0b2611f69d163957d",
            "default_security_group_id": "sg-06aff2a58356bd811",
            "dhcp_options_id": "dopt-016be0f32c72f634e",
            "enable_dns_hostnames": true,
            "enable_dns_support": true,
            "enable_network_address_usage_metrics": false,
            "id": "vpc-0a68fe228a9f6cee4",
            "instance_tenancy": "default",
            "ipv4_ipam_pool_id": null,
            "ipv4_netmask_length": null,
            "ipv6_association_id": "",
            "ipv6_cidr_block": "",
            "ipv6_cidr_block_network_border_group": "",
            "ipv6_ipam_pool_id": "",
            "ipv6_netmask_length": 0,
            "main_route_table_id": "rtb-0b2611f69d163957d",
            "owner_id": "984140674362",
            "region": "eu-central-1",
            "tags": {
              "Name": "jenkins-vpc"
            },
            "tags_all": {
              "Name": "jenkins-vpc"
            }
          },
          "sensitive_attributes": [],
          "identity_schema_version": 0,
          "identity": {
            "account_id": "984140674362",
            "id": "vpc-0a68fe228a9f6cee4",
            "region": "eu-central-1"
          },
          "private": "eyJzY2hlbWFfdmVyc2lvbiI6IjEifQ=="
        }
      ]
    }
  ],
  "check_results": null
}
